
Microsoft Visual Studio Solution File, Format Version 12.00
# Visual Studio Version 16
VisualStudioVersion = 16.0.30804.86
MinimumVisualStudioVersion = 10.0.40219.1
Project("{FAE04EC0-301F-11D3-BF4B-00C04F79EFBC}") = "WindowsFormsApp1", "WindowsFormsApp1\WindowsFormsApp1.csproj", "{5D4546EE-7D3B-4AE5-9CFF-0C3DA45F0C99}"
EndProject
Global
	GlobalSection(SolutionConfigurationPlatforms) = preSolution
		Debug|Any CPU = Debug|Any CPU
		mi debug|Any CPU = mi debug|Any CPU
		Release|Any CPU = Release|Any CPU
	EndGlobalSection
	GlobalSection(ProjectConfigurationPlatforms) = postSolution
		{5D4546EE-7D3B-4AE5-9CFF-0C3DA45F0C99}.Debug|Any CPU.ActiveCfg = Debug|Any CPU
		{5D4546EE-7D3B-4AE5-9CFF-0C3DA45F0C99}.Debug|Any CPU.Build.0 = Debug|Any CPU
		{5D4546EE-7D3B-4AE5-9CFF-0C3DA45F0C99}.mi debug|Any CPU.ActiveCfg = Debug|Any CPU
		{5D4546EE-7D3B-4AE5-9CFF-0C3DA45F0C99}.mi debug|Any CPU.Build.0 = Debug|Any CPU
		{5D4546EE-7D3B-4AE5-9CFF-0C3DA45F0C99}.Release|Any CPU.ActiveCfg = Release|Any CPU
		{5D4546EE-7D3B-4AE5-9CFF-0C3DA45F0C99}.Release|Any CPU.Build.0 = Release|Any CPU
	EndGlobalSection
	GlobalSection(SolutionProperties) = preSolution
		HideSolutionNode = FALSE
	EndGlobalSection
	GlobalSection(ExtensibilityGlobals) = postSolution
		SolutionGuid = {D0D0A37B-A9D4-4812-A7E3-B4F71FFCC274}
	EndGlobalSection
EndGlobal
